
Microsoft Visual Studio Solution File, Format Version 12.00
# Visual Studio Version 17
VisualStudioVersion = 17.3.32811.315
MinimumVisualStudioVersion = 10.0.40219.1
Project("{FAE04EC0-301F-11D3-BF4B-00C04F79EFBC}") = "ConsoleApp3", "ConsoleApp3.csproj", "{CF39FD0D-5CCD-401A-A802-585844C582A4}"
EndProject
Project("{FAE04EC0-301F-11D3-BF4B-00C04F79EFBC}") = "TestProject3", "..\TestProject3\TestProject3.csproj", "{CE44FBDE-6486-44EF-A86D-CCFDE7141F05}"
EndProject
Global
	GlobalSection(SolutionConfigurationPlatforms) = preSolution
		Debug|Any CPU = Debug|Any CPU
		Release|Any CPU = Release|Any CPU
	EndGlobalSection
	GlobalSection(ProjectConfigurationPlatforms) = postSolution
		{CF39FD0D-5CCD-401A-A802-585844C582A4}.Debug|Any CPU.ActiveCfg = Debug|Any CPU
		{CF39FD0D-5CCD-401A-A802-585844C582A4}.Debug|Any CPU.Build.0 = Debug|Any CPU
		{CF39FD0D-5CCD-401A-A802-585844C582A4}.Release|Any CPU.ActiveCfg = Release|Any CPU
		{CF39FD0D-5CCD-401A-A802-585844C582A4}.Release|Any CPU.Build.0 = Release|Any CPU
		{CE44FBDE-6486-44EF-A86D-CCFDE7141F05}.Debug|Any CPU.ActiveCfg = Debug|Any CPU
		{CE44FBDE-6486-44EF-A86D-CCFDE7141F05}.Debug|Any CPU.Build.0 = Debug|Any CPU
		{CE44FBDE-6486-44EF-A86D-CCFDE7141F05}.Release|Any CPU.ActiveCfg = Release|Any CPU
		{CE44FBDE-6486-44EF-A86D-CCFDE7141F05}.Release|Any CPU.Build.0 = Release|Any CPU
	EndGlobalSection
	GlobalSection(SolutionProperties) = preSolution
		HideSolutionNode = FALSE
	EndGlobalSection
	GlobalSection(ExtensibilityGlobals) = postSolution
		SolutionGuid = {16FDA79B-1051-400F-A724-CCE477144DED}
	EndGlobalSection
EndGlobal
